{
  "version": 4,
  "terraform_version": "1.11.0",
  "serial": 2,
  "lineage": "3b29b32f-e94a-e143-7540-b7869bf706bc",
  "outputs": {},
  "resources": [
    {
      "mode": "managed",
      "type": "sentry_project",
      "name": "default",
      "provider": "provider[\"registry.terraform.io/jianyuan/sentry\"]",
      "instances": [
        {
          "schema_version": 0,
          "attributes": {
            "client_security": {
              "allowed_domains": [
                "*"
              ],
              "scrape_javascript": true,
              "security_token": "cb53bfca09ba11f09e33f66b9ba01705",
              "security_token_header": "",
              "verify_tls_ssl": false
            },
            "default_key": null,
            "default_rules": null,
            "digests_max_delay": 1800,
            "digests_min_delay": 300,
            "features": [
              "alert-filters",
              "custom-inbound-filters",
              "data-forwarding",
              "discard-groups",
              "rate-limits",
              "servicehooks",
              "similarity-embeddings",
              "similarity-indexing",
              "similarity-view",
              "span-metrics-extraction",
              "span-metrics-extraction-addons"
            ],
            "filters": {
              "blacklisted_ips": [],
              "error_messages": [],
              "releases": []
            },
            "fingerprinting_rules": "",
            "grouping_enhancements": "",
            "id": "noteburst",
            "internal_id": "4509040362586112",
            "name": "Noteburst",
            "organization": "rubin-observatory",
            "platform": "python",
            "resolve_age": 0,
            "slug": "noteburst",
            "teams": [
              "square"
            ]
          },
          "sensitive_attributes": [],
          "dependencies": [
            "module.org.data.sentry_organization.org",
            "module.org.data.sentry_team.square"
          ]
        }
      ]
    },
    {
      "module": "module.org",
      "mode": "data",
      "type": "sentry_organization",
      "name": "org",
      "provider": "provider[\"registry.terraform.io/jianyuan/sentry\"]",
      "instances": [
        {
          "schema_version": 0,
          "attributes": {
            "id": "rubin-observatory",
            "internal_id": "4508411454488576",
            "name": "Rubin Observatory",
            "slug": "rubin-observatory"
          },
          "sensitive_attributes": []
        }
      ]
    },
    {
      "module": "module.org",
      "mode": "data",
      "type": "sentry_team",
      "name": "square",
      "provider": "provider[\"registry.terraform.io/jianyuan/sentry\"]",
      "instances": [
        {
          "schema_version": 0,
          "attributes": {
            "has_access": true,
            "id": "square",
            "internal_id": "4508423003242496",
            "is_member": false,
            "is_pending": false,
            "name": "square",
            "organization": "rubin-observatory",
            "slug": "square"
          },
          "sensitive_attributes": []
        }
      ]
    }
  ],
  "check_results": null
}
